
Microsoft Visual Studio Solution File, Format Version 12.00
# Visual Studio Version 17
VisualStudioVersion = 17.7.34202.233
MinimumVisualStudioVersion = 10.0.40219.1
Project("{9A19103F-16F7-4668-BE54-9A1E7A4F7556}") = "AsyncDemo", "AsyncDemo\AsyncDemo.csproj", "{0CCC93A8-1EEA-4D07-A0FF-5F4562E6BC3D}"
EndProject
Project("{9A19103F-16F7-4668-BE54-9A1E7A4F7556}") = "YieldDemo", "YieldDemo\YieldDemo.csproj", "{B8C69B88-75DD-4CA3-8C83-B6DED11B858E}"
EndProject
Project("{9A19103F-16F7-4668-BE54-9A1E7A4F7556}") = "AvoidAsync", "AvoidAsync\AvoidAsync.csproj", "{F1D46B6C-8D80-4B93-9AFB-C9AD4E6C3BBD}"
EndProject
Project("{FAE04EC0-301F-11D3-BF4B-00C04F79EFBC}") = "DifferentButtonHandlers", "DifferentButtonHandlers\DifferentButtonHandlers.csproj", "{8CC1AD22-D241-4841-A0CD-6D714B39E865}"
EndProject
Project("{9A19103F-16F7-4668-BE54-9A1E7A4F7556}") = "ConfigureAwaitDemo", "ConfigureAwaitDemo\ConfigureAwaitDemo.csproj", "{787B5769-B255-4377-9A3B-5689A1865428}"
EndProject
Project("{FAE04EC0-301F-11D3-BF4B-00C04F79EFBC}") = "CallingAsyncDemo", "CallingAsyncDemo\CallingAsyncDemo.csproj", "{1F234A87-9EBB-4B60-9C30-19EF729AF280}"
EndProject
Global
	GlobalSection(SolutionConfigurationPlatforms) = preSolution
		Debug|Any CPU = Debug|Any CPU
		Release|Any CPU = Release|Any CPU
	EndGlobalSection
	GlobalSection(ProjectConfigurationPlatforms) = postSolution
		{0CCC93A8-1EEA-4D07-A0FF-5F4562E6BC3D}.Debug|Any CPU.ActiveCfg = Debug|Any CPU
		{0CCC93A8-1EEA-4D07-A0FF-5F4562E6BC3D}.Debug|Any CPU.Build.0 = Debug|Any CPU
		{0CCC93A8-1EEA-4D07-A0FF-5F4562E6BC3D}.Release|Any CPU.ActiveCfg = Release|Any CPU
		{0CCC93A8-1EEA-4D07-A0FF-5F4562E6BC3D}.Release|Any CPU.Build.0 = Release|Any CPU
		{B8C69B88-75DD-4CA3-8C83-B6DED11B858E}.Debug|Any CPU.ActiveCfg = Debug|Any CPU
		{B8C69B88-75DD-4CA3-8C83-B6DED11B858E}.Debug|Any CPU.Build.0 = Debug|Any CPU
		{B8C69B88-75DD-4CA3-8C83-B6DED11B858E}.Release|Any CPU.ActiveCfg = Release|Any CPU
		{B8C69B88-75DD-4CA3-8C83-B6DED11B858E}.Release|Any CPU.Build.0 = Release|Any CPU
		{F1D46B6C-8D80-4B93-9AFB-C9AD4E6C3BBD}.Debug|Any CPU.ActiveCfg = Debug|Any CPU
		{F1D46B6C-8D80-4B93-9AFB-C9AD4E6C3BBD}.Debug|Any CPU.Build.0 = Debug|Any CPU
		{F1D46B6C-8D80-4B93-9AFB-C9AD4E6C3BBD}.Release|Any CPU.ActiveCfg = Release|Any CPU
		{F1D46B6C-8D80-4B93-9AFB-C9AD4E6C3BBD}.Release|Any CPU.Build.0 = Release|Any CPU
		{8CC1AD22-D241-4841-A0CD-6D714B39E865}.Debug|Any CPU.ActiveCfg = Debug|Any CPU
		{8CC1AD22-D241-4841-A0CD-6D714B39E865}.Debug|Any CPU.Build.0 = Debug|Any CPU
		{8CC1AD22-D241-4841-A0CD-6D714B39E865}.Release|Any CPU.ActiveCfg = Release|Any CPU
		{8CC1AD22-D241-4841-A0CD-6D714B39E865}.Release|Any CPU.Build.0 = Release|Any CPU
		{787B5769-B255-4377-9A3B-5689A1865428}.Debug|Any CPU.ActiveCfg = Debug|Any CPU
		{787B5769-B255-4377-9A3B-5689A1865428}.Debug|Any CPU.Build.0 = Debug|Any CPU
		{787B5769-B255-4377-9A3B-5689A1865428}.Release|Any CPU.ActiveCfg = Release|Any CPU
		{787B5769-B255-4377-9A3B-5689A1865428}.Release|Any CPU.Build.0 = Release|Any CPU
		{1F234A87-9EBB-4B60-9C30-19EF729AF280}.Debug|Any CPU.ActiveCfg = Debug|Any CPU
		{1F234A87-9EBB-4B60-9C30-19EF729AF280}.Debug|Any CPU.Build.0 = Debug|Any CPU
		{1F234A87-9EBB-4B60-9C30-19EF729AF280}.Release|Any CPU.ActiveCfg = Release|Any CPU
		{1F234A87-9EBB-4B60-9C30-19EF729AF280}.Release|Any CPU.Build.0 = Release|Any CPU
	EndGlobalSection
	GlobalSection(SolutionProperties) = preSolution
		HideSolutionNode = FALSE
	EndGlobalSection
	GlobalSection(ExtensibilityGlobals) = postSolution
		SolutionGuid = {E56571B1-643F-4E82-A9EC-AA9DD82A99D7}
	EndGlobalSection
EndGlobal
